{
  "requires": true,
  "lockfileVersion": 1,
  "dependencies": {
    "toxiclibsjs": {
      "version": "0.3.3",
      "resolved": "https://registry.npmjs.org/toxiclibsjs/-/toxiclibsjs-0.3.3.tgz",
      "integrity": "sha512-gZhrvRRsH4+iNLzKlWdhwKJd18DA2TKUsm/SvY2FelgAKg98xSgAQSDH7AddqYHo9MoCdRvsf0NCcbzNmHcDqw=="
    }
  }
}
